
Microsoft Visual Studio Solution File, Format Version 12.00
# Visual Studio Version 17
VisualStudioVersion = 17.1.32228.430
MinimumVisualStudioVersion = 10.0.40219.1
Project("{2150E333-8FDC-42A3-9474-1A3956D46DE8}") = "FrontEnd", "FrontEnd", "{E0CC5852-6316-4D1F-9B90-F7A7B5375F58}"
EndProject
Project("{2150E333-8FDC-42A3-9474-1A3956D46DE8}") = "Services", "Services", "{0D1DE0F2-984E-4B06-B5B6-B9EB6B61F10E}"
EndProject
Project("{FAE04EC0-301F-11D3-BF4B-00C04F79EFBC}") = "GeekShopping.Web", "GeekShopping.Web\GeekShopping.Web.csproj", "{601979E2-7018-4ACF-865F-6CE0804EC459}"
EndProject
Project("{FAE04EC0-301F-11D3-BF4B-00C04F79EFBC}") = "GeekShopping.ProductAPI", "GeekShopping.ProductAPI\GeekShopping.ProductAPI.csproj", "{C717CBA0-FF22-43AF-B81C-00836D006B19}"
EndProject
Global
	GlobalSection(SolutionConfigurationPlatforms) = preSolution
		Debug|Any CPU = Debug|Any CPU
		Release|Any CPU = Release|Any CPU
	EndGlobalSection
	GlobalSection(ProjectConfigurationPlatforms) = postSolution
		{601979E2-7018-4ACF-865F-6CE0804EC459}.Debug|Any CPU.ActiveCfg = Debug|Any CPU
		{601979E2-7018-4ACF-865F-6CE0804EC459}.Debug|Any CPU.Build.0 = Debug|Any CPU
		{601979E2-7018-4ACF-865F-6CE0804EC459}.Release|Any CPU.ActiveCfg = Release|Any CPU
		{601979E2-7018-4ACF-865F-6CE0804EC459}.Release|Any CPU.Build.0 = Release|Any CPU
		{C717CBA0-FF22-43AF-B81C-00836D006B19}.Debug|Any CPU.ActiveCfg = Debug|Any CPU
		{C717CBA0-FF22-43AF-B81C-00836D006B19}.Debug|Any CPU.Build.0 = Debug|Any CPU
		{C717CBA0-FF22-43AF-B81C-00836D006B19}.Release|Any CPU.ActiveCfg = Release|Any CPU
		{C717CBA0-FF22-43AF-B81C-00836D006B19}.Release|Any CPU.Build.0 = Release|Any CPU
	EndGlobalSection
	GlobalSection(SolutionProperties) = preSolution
		HideSolutionNode = FALSE
	EndGlobalSection
	GlobalSection(NestedProjects) = preSolution
		{601979E2-7018-4ACF-865F-6CE0804EC459} = {E0CC5852-6316-4D1F-9B90-F7A7B5375F58}
		{C717CBA0-FF22-43AF-B81C-00836D006B19} = {0D1DE0F2-984E-4B06-B5B6-B9EB6B61F10E}
	EndGlobalSection
	GlobalSection(ExtensibilityGlobals) = postSolution
		SolutionGuid = {2A189438-5E5D-474C-B7D1-F058B423A172}
	EndGlobalSection
EndGlobal
