
Microsoft Visual Studio Solution File, Format Version 12.00
# Visual Studio Version 17
VisualStudioVersion = 17.1.32228.430
MinimumVisualStudioVersion = 10.0.40219.1
Project("{2150E333-8FDC-42A3-9474-1A3956D46DE8}") = "FrontEnd", "FrontEnd", "{E0CC5852-6316-4D1F-9B90-F7A7B5375F58}"
EndProject
Project("{2150E333-8FDC-42A3-9474-1A3956D46DE8}") = "Services", "Services", "{0D1DE0F2-984E-4B06-B5B6-B9EB6B61F10E}"
EndProject
Project("{9A19103F-16F7-4668-BE54-9A1E7A4F7556}") = "GeekShopping.Web", "GeekShopping.Web\GeekShopping.Web.csproj", "{601979E2-7018-4ACF-865F-6CE0804EC459}"
EndProject
Project("{9A19103F-16F7-4668-BE54-9A1E7A4F7556}") = "GeekShopping.ProductAPI", "GeekShopping.ProductAPI\GeekShopping.ProductAPI.csproj", "{C717CBA0-FF22-43AF-B81C-00836D006B19}"
EndProject
Project("{9A19103F-16F7-4668-BE54-9A1E7A4F7556}") = "GeekShopping.IdentityServer", "GeekShopping.IdentityServer\GeekShopping.IdentityServer.csproj", "{BEA6610E-6FBF-4408-94C8-BAE390AB29DF}"
EndProject
Project("{9A19103F-16F7-4668-BE54-9A1E7A4F7556}") = "GeekShopping.CartAPI", "GeekShopping.CartAPI\GeekShopping.CartAPI.csproj", "{E3F7E90F-04AB-4858-8429-0CEA112CD1FF}"
EndProject
Project("{9A19103F-16F7-4668-BE54-9A1E7A4F7556}") = "GeekShopping.CouponAPI", "GeekShopping.CouponAPI\GeekShopping.CouponAPI.csproj", "{7BED6A2F-CC6D-4445-8AAD-9028997B883E}"
EndProject
Project("{2150E333-8FDC-42A3-9474-1A3956D46DE8}") = "Integration", "Integration", "{BCA3CD2A-B403-40B9-81BB-1F67D154243D}"
EndProject
Project("{9A19103F-16F7-4668-BE54-9A1E7A4F7556}") = "GeekShopping.MessageBus", "GeekShopping.MessageBus\GeekShopping.MessageBus.csproj", "{D19B7942-CC43-4803-9F1F-35D28A3CDF21}"
EndProject
Project("{9A19103F-16F7-4668-BE54-9A1E7A4F7556}") = "GeekShopping.OrderAPI", "GeekShopping.OrderAPI\GeekShopping.OrderAPI.csproj", "{C541C208-1749-4471-8718-DF0B800D5D6B}"
EndProject
Project("{2150E333-8FDC-42A3-9474-1A3956D46DE8}") = "Payments", "Payments", "{9C383D67-0359-4D75-9813-2EF337654B9E}"
EndProject
Project("{FAE04EC0-301F-11D3-BF4B-00C04F79EFBC}") = "GeekShopping.PaymentProcessor", "GeekShopping.PaymentProcessor\GeekShopping.PaymentProcessor.csproj", "{FC0DB9A3-0699-4FC3-8415-6D9C98E177A9}"
EndProject
Project("{FAE04EC0-301F-11D3-BF4B-00C04F79EFBC}") = "GeekShopping.PaymentAPI", "GeekShopping.PaymentAPI\GeekShopping.PaymentAPI.csproj", "{85C230F7-7D5A-43E3-9F82-875CE10CBBD8}"
EndProject
Global
	GlobalSection(SolutionConfigurationPlatforms) = preSolution
		Debug|Any CPU = Debug|Any CPU
		Release|Any CPU = Release|Any CPU
	EndGlobalSection
	GlobalSection(ProjectConfigurationPlatforms) = postSolution
		{601979E2-7018-4ACF-865F-6CE0804EC459}.Debug|Any CPU.ActiveCfg = Debug|Any CPU
		{601979E2-7018-4ACF-865F-6CE0804EC459}.Debug|Any CPU.Build.0 = Debug|Any CPU
		{601979E2-7018-4ACF-865F-6CE0804EC459}.Release|Any CPU.ActiveCfg = Release|Any CPU
		{601979E2-7018-4ACF-865F-6CE0804EC459}.Release|Any CPU.Build.0 = Release|Any CPU
		{C717CBA0-FF22-43AF-B81C-00836D006B19}.Debug|Any CPU.ActiveCfg = Debug|Any CPU
		{C717CBA0-FF22-43AF-B81C-00836D006B19}.Debug|Any CPU.Build.0 = Debug|Any CPU
		{C717CBA0-FF22-43AF-B81C-00836D006B19}.Release|Any CPU.ActiveCfg = Release|Any CPU
		{C717CBA0-FF22-43AF-B81C-00836D006B19}.Release|Any CPU.Build.0 = Release|Any CPU
		{BEA6610E-6FBF-4408-94C8-BAE390AB29DF}.Debug|Any CPU.ActiveCfg = Debug|Any CPU
		{BEA6610E-6FBF-4408-94C8-BAE390AB29DF}.Debug|Any CPU.Build.0 = Debug|Any CPU
		{BEA6610E-6FBF-4408-94C8-BAE390AB29DF}.Release|Any CPU.ActiveCfg = Release|Any CPU
		{BEA6610E-6FBF-4408-94C8-BAE390AB29DF}.Release|Any CPU.Build.0 = Release|Any CPU
		{E3F7E90F-04AB-4858-8429-0CEA112CD1FF}.Debug|Any CPU.ActiveCfg = Debug|Any CPU
		{E3F7E90F-04AB-4858-8429-0CEA112CD1FF}.Debug|Any CPU.Build.0 = Debug|Any CPU
		{E3F7E90F-04AB-4858-8429-0CEA112CD1FF}.Release|Any CPU.ActiveCfg = Release|Any CPU
		{E3F7E90F-04AB-4858-8429-0CEA112CD1FF}.Release|Any CPU.Build.0 = Release|Any CPU
		{7BED6A2F-CC6D-4445-8AAD-9028997B883E}.Debug|Any CPU.ActiveCfg = Debug|Any CPU
		{7BED6A2F-CC6D-4445-8AAD-9028997B883E}.Debug|Any CPU.Build.0 = Debug|Any CPU
		{7BED6A2F-CC6D-4445-8AAD-9028997B883E}.Release|Any CPU.ActiveCfg = Release|Any CPU
		{7BED6A2F-CC6D-4445-8AAD-9028997B883E}.Release|Any CPU.Build.0 = Release|Any CPU
		{D19B7942-CC43-4803-9F1F-35D28A3CDF21}.Debug|Any CPU.ActiveCfg = Debug|Any CPU
		{D19B7942-CC43-4803-9F1F-35D28A3CDF21}.Debug|Any CPU.Build.0 = Debug|Any CPU
		{D19B7942-CC43-4803-9F1F-35D28A3CDF21}.Release|Any CPU.ActiveCfg = Release|Any CPU
		{D19B7942-CC43-4803-9F1F-35D28A3CDF21}.Release|Any CPU.Build.0 = Release|Any CPU
		{C541C208-1749-4471-8718-DF0B800D5D6B}.Debug|Any CPU.ActiveCfg = Debug|Any CPU
		{C541C208-1749-4471-8718-DF0B800D5D6B}.Debug|Any CPU.Build.0 = Debug|Any CPU
		{C541C208-1749-4471-8718-DF0B800D5D6B}.Release|Any CPU.ActiveCfg = Release|Any CPU
		{C541C208-1749-4471-8718-DF0B800D5D6B}.Release|Any CPU.Build.0 = Release|Any CPU
		{FC0DB9A3-0699-4FC3-8415-6D9C98E177A9}.Debug|Any CPU.ActiveCfg = Debug|Any CPU
		{FC0DB9A3-0699-4FC3-8415-6D9C98E177A9}.Debug|Any CPU.Build.0 = Debug|Any CPU
		{FC0DB9A3-0699-4FC3-8415-6D9C98E177A9}.Release|Any CPU.ActiveCfg = Release|Any CPU
		{FC0DB9A3-0699-4FC3-8415-6D9C98E177A9}.Release|Any CPU.Build.0 = Release|Any CPU
		{85C230F7-7D5A-43E3-9F82-875CE10CBBD8}.Debug|Any CPU.ActiveCfg = Debug|Any CPU
		{85C230F7-7D5A-43E3-9F82-875CE10CBBD8}.Debug|Any CPU.Build.0 = Debug|Any CPU
		{85C230F7-7D5A-43E3-9F82-875CE10CBBD8}.Release|Any CPU.ActiveCfg = Release|Any CPU
		{85C230F7-7D5A-43E3-9F82-875CE10CBBD8}.Release|Any CPU.Build.0 = Release|Any CPU
	EndGlobalSection
	GlobalSection(SolutionProperties) = preSolution
		HideSolutionNode = FALSE
	EndGlobalSection
	GlobalSection(NestedProjects) = preSolution
		{601979E2-7018-4ACF-865F-6CE0804EC459} = {E0CC5852-6316-4D1F-9B90-F7A7B5375F58}
		{C717CBA0-FF22-43AF-B81C-00836D006B19} = {0D1DE0F2-984E-4B06-B5B6-B9EB6B61F10E}
		{BEA6610E-6FBF-4408-94C8-BAE390AB29DF} = {0D1DE0F2-984E-4B06-B5B6-B9EB6B61F10E}
		{E3F7E90F-04AB-4858-8429-0CEA112CD1FF} = {0D1DE0F2-984E-4B06-B5B6-B9EB6B61F10E}
		{7BED6A2F-CC6D-4445-8AAD-9028997B883E} = {0D1DE0F2-984E-4B06-B5B6-B9EB6B61F10E}
		{D19B7942-CC43-4803-9F1F-35D28A3CDF21} = {BCA3CD2A-B403-40B9-81BB-1F67D154243D}
		{C541C208-1749-4471-8718-DF0B800D5D6B} = {0D1DE0F2-984E-4B06-B5B6-B9EB6B61F10E}
		{FC0DB9A3-0699-4FC3-8415-6D9C98E177A9} = {9C383D67-0359-4D75-9813-2EF337654B9E}
		{85C230F7-7D5A-43E3-9F82-875CE10CBBD8} = {0D1DE0F2-984E-4B06-B5B6-B9EB6B61F10E}
	EndGlobalSection
	GlobalSection(ExtensibilityGlobals) = postSolution
		SolutionGuid = {2A189438-5E5D-474C-B7D1-F058B423A172}
	EndGlobalSection
EndGlobal
